
Microsoft Visual Studio Solution File, Format Version 12.00
# Visual Studio 2013
VisualStudioVersion = 12.0.40629.0
MinimumVisualStudioVersion = 10.0.40219.1
Project("{FAE04EC0-301F-11D3-BF4B-00C04F79EFBC}") = "Udemy.Stackoverflow", "Udemy.Stackoverflow\Udemy.Stackoverflow.csproj", "{A6A613CF-1272-4A95-B394-EE79003DB5A8}"
EndProject
Project("{FAE04EC0-301F-11D3-BF4B-00C04F79EFBC}") = "Udemy.Stopwatch", "Udemy.Stopwatch\Udemy.Stopwatch.csproj", "{5C4DF3CD-E087-4375-B582-7DD2151774BD}"
EndProject
Project("{FAE04EC0-301F-11D3-BF4B-00C04F79EFBC}") = "Udemy.Stack", "Udemy.Stack\Udemy.Stack.csproj", "{18C68F74-B762-4F8F-91DF-660EE314051A}"
EndProject
Project("{FAE04EC0-301F-11D3-BF4B-00C04F79EFBC}") = "Udemy.DatabaseConnection", "Udemy.DatabaseConnection\Udemy.DatabaseConnection.csproj", "{3717ACD3-783C-48BD-95F2-2CF539CCA816}"
EndProject
Global
	GlobalSection(SolutionConfigurationPlatforms) = preSolution
		Debug|Any CPU = Debug|Any CPU
		Release|Any CPU = Release|Any CPU
	EndGlobalSection
	GlobalSection(ProjectConfigurationPlatforms) = postSolution
		{A6A613CF-1272-4A95-B394-EE79003DB5A8}.Debug|Any CPU.ActiveCfg = Debug|Any CPU
		{A6A613CF-1272-4A95-B394-EE79003DB5A8}.Debug|Any CPU.Build.0 = Debug|Any CPU
		{A6A613CF-1272-4A95-B394-EE79003DB5A8}.Release|Any CPU.ActiveCfg = Release|Any CPU
		{A6A613CF-1272-4A95-B394-EE79003DB5A8}.Release|Any CPU.Build.0 = Release|Any CPU
		{5C4DF3CD-E087-4375-B582-7DD2151774BD}.Debug|Any CPU.ActiveCfg = Debug|Any CPU
		{5C4DF3CD-E087-4375-B582-7DD2151774BD}.Debug|Any CPU.Build.0 = Debug|Any CPU
		{5C4DF3CD-E087-4375-B582-7DD2151774BD}.Release|Any CPU.ActiveCfg = Release|Any CPU
		{5C4DF3CD-E087-4375-B582-7DD2151774BD}.Release|Any CPU.Build.0 = Release|Any CPU
		{18C68F74-B762-4F8F-91DF-660EE314051A}.Debug|Any CPU.ActiveCfg = Debug|Any CPU
		{18C68F74-B762-4F8F-91DF-660EE314051A}.Debug|Any CPU.Build.0 = Debug|Any CPU
		{18C68F74-B762-4F8F-91DF-660EE314051A}.Release|Any CPU.ActiveCfg = Release|Any CPU
		{18C68F74-B762-4F8F-91DF-660EE314051A}.Release|Any CPU.Build.0 = Release|Any CPU
		{3717ACD3-783C-48BD-95F2-2CF539CCA816}.Debug|Any CPU.ActiveCfg = Debug|Any CPU
		{3717ACD3-783C-48BD-95F2-2CF539CCA816}.Debug|Any CPU.Build.0 = Debug|Any CPU
		{3717ACD3-783C-48BD-95F2-2CF539CCA816}.Release|Any CPU.ActiveCfg = Release|Any CPU
		{3717ACD3-783C-48BD-95F2-2CF539CCA816}.Release|Any CPU.Build.0 = Release|Any CPU
	EndGlobalSection
	GlobalSection(SolutionProperties) = preSolution
		HideSolutionNode = FALSE
	EndGlobalSection
EndGlobal
